// !$*UTF8*$!
{
	archiveVersion = 1;
	classes = {
	};
	objectVersion = 56;
	objects = {

/* Begin PBXBuildFile section */
		CC134EA8291D65CA009301ED /* AppDelegate.swift in Sources */ = {isa = PBXBuildFile; fileRef = CC134EA7291D65CA009301ED /* AppDelegate.swift */; };
		CC134EAA291D65CA009301ED /* SceneDelegate.swift in Sources */ = {isa = PBXBuildFile; fileRef = CC134EA9291D65CA009301ED /* SceneDelegate.swift */; };
		CC134EAC291D65CA009301ED /* GreetingViewController.swift in Sources */ = {isa = PBXBuildFile; fileRef = CC134EAB291D65CA009301ED /* GreetingViewController.swift */; };
		CC134EAF291D65CA009301ED /* Main.storyboard in Resources */ = {isa = PBXBuildFile; fileRef = CC134EAD291D65CA009301ED /* Main.storyboard */; };
		CC134EB1291D65CD009301ED /* Assets.xcassets in Resources */ = {isa = PBXBuildFile; fileRef = CC134EB0291D65CD009301ED /* Assets.xcassets */; };
		CC134EB4291D65CD009301ED /* LaunchScreen.storyboard in Resources */ = {isa = PBXBuildFile; fileRef = CC134EB2291D65CD009301ED /* LaunchScreen.storyboard */; };
		CC134EBF291D678F009301ED /* GreetingPresenter.swift in Sources */ = {isa = PBXBuildFile; fileRef = CC134EBE291D678F009301ED /* GreetingPresenter.swift */; };
		CC134EC1291D67A4009301ED /* GreetingInteractor.swift in Sources */ = {isa = PBXBuildFile; fileRef = CC134EC0291D67A4009301ED /* GreetingInteractor.swift */; };
		CC134EC3291D6802009301ED /* GreetingConfigurator.swift in Sources */ = {isa = PBXBuildFile; fileRef = CC134EC2291D6802009301ED /* GreetingConfigurator.swift */; };
		CC134EC5291D686C009301ED /* Person.swift in Sources */ = {isa = PBXBuildFile; fileRef = CC134EC4291D686C009301ED /* Person.swift */; };
/* End PBXBuildFile section */

/* Begin PBXFileReference section */
		CC134EA4291D65CA009301ED /* GreetingAppVIPER.app */ = {isa = PBXFileReference; explicitFileType = wrapper.application; includeInIndex = 0; path = GreetingAppVIPER.app; sourceTree = BUILT_PRODUCTS_DIR; };
		CC134EA7291D65CA009301ED /* AppDelegate.swift */ = {isa = PBXFileReference; lastKnownFileType = sourcecode.swift; path = AppDelegate.swift; sourceTree = "<group>"; };
		CC134EA9291D65CA009301ED /* SceneDelegate.swift */ = {isa = PBXFileReference; lastKnownFileType = sourcecode.swift; path = SceneDelegate.swift; sourceTree = "<group>"; };
		CC134EAB291D65CA009301ED /* GreetingViewController.swift */ = {isa = PBXFileReference; lastKnownFileType = sourcecode.swift; path = GreetingViewController.swift; sourceTree = "<group>"; };
		CC134EAE291D65CA009301ED /* Base */ = {isa = PBXFileReference; lastKnownFileType = file.storyboard; name = Base; path = Base.lproj/Main.storyboard; sourceTree = "<group>"; };
		CC134EB0291D65CD009301ED /* Assets.xcassets */ = {isa = PBXFileReference; lastKnownFileType = folder.assetcatalog; path = Assets.xcassets; sourceTree = "<group>"; };
		CC134EB3291D65CD009301ED /* Base */ = {isa = PBXFileReference; lastKnownFileType = file.storyboard; name = Base; path = Base.lproj/LaunchScreen.storyboard; sourceTree = "<group>"; };
		CC134EB5291D65CD009301ED /* Info.plist */ = {isa = PBXFileReference; lastKnownFileType = text.plist.xml; path = Info.plist; sourceTree = "<group>"; };
		CC134EBE291D678F009301ED /* GreetingPresenter.swift */ = {isa = PBXFileReference; lastKnownFileType = sourcecode.swift; path = GreetingPresenter.swift; sourceTree = "<group>"; };
		CC134EC0291D67A4009301ED /* GreetingInteractor.swift */ = {isa = PBXFileReference; lastKnownFileType = sourcecode.swift; path = GreetingInteractor.swift; sourceTree = "<group>"; };
		CC134EC2291D6802009301ED /* GreetingConfigurator.swift */ = {isa = PBXFileReference; lastKnownFileType = sourcecode.swift; path = GreetingConfigurator.swift; sourceTree = "<group>"; };
		CC134EC4291D686C009301ED /* Person.swift */ = {isa = PBXFileReference; lastKnownFileType = sourcecode.swift; path = Person.swift; sourceTree = "<group>"; };
/* End PBXFileReference section */

/* Begin PBXFrameworksBuildPhase section */
		CC134EA1291D65CA009301ED /* Frameworks */ = {
			isa = PBXFrameworksBuildPhase;
			buildActionMask = 2147483647;
			files = (
			);
			runOnlyForDeploymentPostprocessing = 0;
		};
/* End PBXFrameworksBuildPhase section */

/* Begin PBXGroup section */
		CC134E9B291D65CA009301ED = {
			isa = PBXGroup;
			children = (
				CC134EA6291D65CA009301ED /* GreetingAppVIPER */,
				CC134EA5291D65CA009301ED /* Products */,
			);
			sourceTree = "<group>";
		};
		CC134EA5291D65CA009301ED /* Products */ = {
			isa = PBXGroup;
			children = (
				CC134EA4291D65CA009301ED /* GreetingAppVIPER.app */,
			);
			name = Products;
			sourceTree = "<group>";
		};
		CC134EA6291D65CA009301ED /* GreetingAppVIPER */ = {
			isa = PBXGroup;
			children = (
				CC134EBB291D6750009301ED /* Greeting */,
				CC134EA7291D65CA009301ED /* AppDelegate.swift */,
				CC134EC4291D686C009301ED /* Person.swift */,
				CC134EA9291D65CA009301ED /* SceneDelegate.swift */,
				CC134EAD291D65CA009301ED /* Main.storyboard */,
				CC134EB0291D65CD009301ED /* Assets.xcassets */,
				CC134EB2291D65CD009301ED /* LaunchScreen.storyboard */,
				CC134EB5291D65CD009301ED /* Info.plist */,
			);
			path = GreetingAppVIPER;
			sourceTree = "<group>";
		};
		CC134EBB291D6750009301ED /* Greeting */ = {
			isa = PBXGroup;
			children = (
				CC134EAB291D65CA009301ED /* GreetingViewController.swift */,
				CC134EBE291D678F009301ED /* GreetingPresenter.swift */,
				CC134EC0291D67A4009301ED /* GreetingInteractor.swift */,
				CC134EC2291D6802009301ED /* GreetingConfigurator.swift */,
			);
			path = Greeting;
			sourceTree = "<group>";
		};
/* End PBXGroup section */

/* Begin PBXNativeTarget section */
		CC134EA3291D65CA009301ED /* GreetingAppVIPER */ = {
			isa = PBXNativeTarget;
			buildConfigurationList = CC134EB8291D65CD009301ED /* Build configuration list for PBXNativeTarget "GreetingAppVIPER" */;
			buildPhases = (
				CC134EA0291D65CA009301ED /* Sources */,
				CC134EA1291D65CA009301ED /* Frameworks */,
				CC134EA2291D65CA009301ED /* Resources */,
			);
			buildRules = (
			);
			dependencies = (
			);
			name = GreetingAppVIPER;
			productName = GreetingAppVIPER;
			productReference = CC134EA4291D65CA009301ED /* GreetingAppVIPER.app */;
			productType = "com.apple.product-type.application";
		};
/* End PBXNativeTarget section */

/* Begin PBXProject section */
		CC134E9C291D65CA009301ED /* Project object */ = {
			isa = PBXProject;
			attributes = {
				BuildIndependentTargetsInParallel = 1;
				LastSwiftUpdateCheck = 1410;
				LastUpgradeCheck = 1410;
				TargetAttributes = {
					CC134EA3291D65CA009301ED = {
						CreatedOnToolsVersion = 14.1;
					};
				};
			};
			buildConfigurationList = CC134E9F291D65CA009301ED /* Build configuration list for PBXProject "GreetingAppVIPER" */;
			compatibilityVersion = "Xcode 14.0";
			developmentRegion = en;
			hasScannedForEncodings = 0;
			knownRegions = (
				en,
				Base,
			);
			mainGroup = CC134E9B291D65CA009301ED;
			productRefGroup = CC134EA5291D65CA009301ED /* Products */;
			projectDirPath = "";
			projectRoot = "";
			targets = (
				CC134EA3291D65CA009301ED /* GreetingAppVIPER */,
			);
		};
/* End PBXProject section */

/* Begin PBXResourcesBuildPhase section */
		CC134EA2291D65CA009301ED /* Resources */ = {
			isa = PBXResourcesBuildPhase;
			buildActionMask = 2147483647;
			files = (
				CC134EB4291D65CD009301ED /* LaunchScreen.storyboard in Resources */,
				CC134EB1291D65CD009301ED /* Assets.xcassets in Resources */,
				CC134EAF291D65CA009301ED /* Main.storyboard in Resources */,
			);
			runOnlyForDeploymentPostprocessing = 0;
		};
/* End PBXResourcesBuildPhase section */

/* Begin PBXSourcesBuildPhase section */
		CC134EA0291D65CA009301ED /* Sources */ = {
			isa = PBXSourcesBuildPhase;
			buildActionMask = 2147483647;
			files = (
				CC134EAC291D65CA009301ED /* GreetingViewController.swift in Sources */,
				CC134EC3291D6802009301ED /* GreetingConfigurator.swift in Sources */,
				CC134EA8291D65CA009301ED /* AppDelegate.swift in Sources */,
				CC134EAA291D65CA009301ED /* SceneDelegate.swift in Sources */,
				CC134EC5291D686C009301ED /* Person.swift in Sources */,
				CC134EBF291D678F009301ED /* GreetingPresenter.swift in Sources */,
				CC134EC1291D67A4009301ED /* GreetingInteractor.swift in Sources */,
			);
			runOnlyForDeploymentPostprocessing = 0;
		};
/* End PBXSourcesBuildPhase section */

/* Begin PBXVariantGroup section */
		CC134EAD291D65CA009301ED /* Main.storyboard */ = {
			isa = PBXVariantGroup;
			children = (
				CC134EAE291D65CA009301ED /* Base */,
			);
			name = Main.storyboard;
			sourceTree = "<group>";
		};
		CC134EB2291D65CD009301ED /* LaunchScreen.storyboard */ = {
			isa = PBXVariantGroup;
			children = (
				CC134EB3291D65CD009301ED /* Base */,
			);
			name = LaunchScreen.storyboard;
			sourceTree = "<group>";
		};
/* End PBXVariantGroup section */

/* Begin XCBuildConfiguration section */
		CC134EB6291D65CD009301ED /* Debug */ = {
			isa = XCBuildConfiguration;
			buildSettings = {
				ALWAYS_SEARCH_USER_PATHS = NO;
				CLANG_ANALYZER_NONNULL = YES;
				CLANG_ANALYZER_NUMBER_OBJECT_CONVERSION = YES_AGGRESSIVE;
				CLANG_CXX_LANGUAGE_STANDARD = "gnu++20";
				CLANG_ENABLE_MODULES = YES;
				CLANG_ENABLE_OBJC_ARC = YES;
				CLANG_ENABLE_OBJC_WEAK = YES;
				CLANG_WARN_BLOCK_CAPTURE_AUTORELEASING = YES;
				CLANG_WARN_BOOL_CONVERSION = YES;
				CLANG_WARN_COMMA = YES;
				CLANG_WARN_CONSTANT_CONVERSION = YES;
				CLANG_WARN_DEPRECATED_OBJC_IMPLEMENTATIONS = YES;
				CLANG_WARN_DIRECT_OBJC_ISA_USAGE = YES_ERROR;
				CLANG_WARN_DOCUMENTATION_COMMENTS = YES;
				CLANG_WARN_EMPTY_BODY = YES;
				CLANG_WARN_ENUM_CONVERSION = YES;
				CLANG_WARN_INFINITE_RECURSION = YES;
				CLANG_WARN_INT_CONVERSION = YES;
				CLANG_WARN_NON_LITERAL_NULL_CONVERSION = YES;
				CLANG_WARN_OBJC_IMPLICIT_RETAIN_SELF = YES;
				CLANG_WARN_OBJC_LITERAL_CONVERSION = YES;
				CLANG_WARN_OBJC_ROOT_CLASS = YES_ERROR;
				CLANG_WARN_QUOTED_INCLUDE_IN_FRAMEWORK_HEADER = YES;
				CLANG_WARN_RANGE_LOOP_ANALYSIS = YES;
				CLANG_WARN_STRICT_PROTOTYPES = YES;
				CLANG_WARN_SUSPICIOUS_MOVE = YES;
				CLANG_WARN_UNGUARDED_AVAILABILITY = YES_AGGRESSIVE;
				CLANG_WARN_UNREACHABLE_CODE = YES;
				CLANG_WARN__DUPLICATE_METHOD_MATCH = YES;
				COPY_PHASE_STRIP = NO;
				DEBUG_INFORMATION_FORMAT = dwarf;
				ENABLE_STRICT_OBJC_MSGSEND = YES;
				ENABLE_TESTABILITY = YES;
				GCC_C_LANGUAGE_STANDARD = gnu11;
				GCC_DYNAMIC_NO_PIC = NO;
				GCC_NO_COMMON_BLOCKS = YES;
				GCC_OPTIMIZATION_LEVEL = 0;
				GCC_PREPROCESSOR_DEFINITIONS = (
					"DEBUG=1",
					"$(inherited)",
				);
				GCC_WARN_64_TO_32_BIT_CONVERSION = YES;
				GCC_WARN_ABOUT_RETURN_TYPE = YES_ERROR;
				GCC_WARN_UNDECLARED_SELECTOR = YES;
				GCC_WARN_UNINITIALIZED_AUTOS = YES_AGGRESSIVE;
				GCC_WARN_UNUSED_FUNCTION = YES;
				GCC_WARN_UNUSED_VARIABLE = YES;
				IPHONEOS_DEPLOYMENT_TARGET = 16.1;
				MTL_ENABLE_DEBUG_INFO = INCLUDE_SOURCE;
				MTL_FAST_MATH = YES;
				ONLY_ACTIVE_ARCH = YES;
				SDKROOT = iphoneos;
				SWIFT_ACTIVE_COMPILATION_CONDITIONS = DEBUG;
				SWIFT_OPTIMIZATION_LEVEL = "-Onone";
			};
			name = Debug;
		};
		CC134EB7291D65CD009301ED /* Release */ = {
			isa = XCBuildConfiguration;
			buildSettings = {
				ALWAYS_SEARCH_USER_PATHS = NO;
				CLANG_ANALYZER_NONNULL = YES;
				CLANG_ANALYZER_NUMBER_OBJECT_CONVERSION = YES_AGGRESSIVE;
				CLANG_CXX_LANGUAGE_STANDARD = "gnu++20";
				CLANG_ENABLE_MODULES = YES;
				CLANG_ENABLE_OBJC_ARC = YES;
				CLANG_ENABLE_OBJC_WEAK = YES;
				CLANG_WARN_BLOCK_CAPTURE_AUTORELEASING = YES;
				CLANG_WARN_BOOL_CONVERSION = YES;
				CLANG_WARN_COMMA = YES;
				CLANG_WARN_CONSTANT_CONVERSION = YES;
				CLANG_WARN_DEPRECATED_OBJC_IMPLEMENTATIONS = YES;
				CLANG_WARN_DIRECT_OBJC_ISA_USAGE = YES_ERROR;
				CLANG_WARN_DOCUMENTATION_COMMENTS = YES;
				CLANG_WARN_EMPTY_BODY = YES;
				CLANG_WARN_ENUM_CONVERSION = YES;
				CLANG_WARN_INFINITE_RECURSION = YES;
				CLANG_WARN_INT_CONVERSION = YES;
				CLANG_WARN_NON_LITERAL_NULL_CONVERSION = YES;
				CLANG_WARN_OBJC_IMPLICIT_RETAIN_SELF = YES;
				CLANG_WARN_OBJC_LITERAL_CONVERSION = YES;
				CLANG_WARN_OBJC_ROOT_CLASS = YES_ERROR;
				CLANG_WARN_QUOTED_INCLUDE_IN_FRAMEWORK_HEADER = YES;
				CLANG_WARN_RANGE_LOOP_ANALYSIS = YES;
				CLANG_WARN_STRICT_PROTOTYPES = YES;
				CLANG_WARN_SUSPICIOUS_MOVE = YES;
				CLANG_WARN_UNGUARDED_AVAILABILITY = YES_AGGRESSIVE;
				CLANG_WARN_UNREACHABLE_CODE = YES;
				CLANG_WARN__DUPLICATE_METHOD_MATCH = YES;
				COPY_PHASE_STRIP = NO;
				DEBUG_INFORMATION_FORMAT = "dwarf-with-dsym";
				ENABLE_NS_ASSERTIONS = NO;
				ENABLE_STRICT_OBJC_MSGSEND = YES;
				GCC_C_LANGUAGE_STANDARD = gnu11;
				GCC_NO_COMMON_BLOCKS = YES;
				GCC_WARN_64_TO_32_BIT_CONVERSION = YES;
				GCC_WARN_ABOUT_RETURN_TYPE = YES_ERROR;
				GCC_WARN_UNDECLARED_SELECTOR = YES;
				GCC_WARN_UNINITIALIZED_AUTOS = YES_AGGRESSIVE;
				GCC_WARN_UNUSED_FUNCTION = YES;
				GCC_WARN_UNUSED_VARIABLE = YES;
				IPHONEOS_DEPLOYMENT_TARGET = 16.1;
				MTL_ENABLE_DEBUG_INFO = NO;
				MTL_FAST_MATH = YES;
				SDKROOT = iphoneos;
				SWIFT_COMPILATION_MODE = wholemodule;
				SWIFT_OPTIMIZATION_LEVEL = "-O";
				VALIDATE_PRODUCT = YES;
			};
			name = Release;
		};
		CC134EB9291D65CD009301ED /* Debug */ = {
			isa = XCBuildConfiguration;
			buildSettings = {
				ASSETCATALOG_COMPILER_APPICON_NAME = AppIcon;
				ASSETCATALOG_COMPILER_GLOBAL_ACCENT_COLOR_NAME = AccentColor;
				CODE_SIGN_STYLE = Automatic;
				CURRENT_PROJECT_VERSION = 1;
				DEVELOPMENT_TEAM = 6QGWXNWMFJ;
				GENERATE_INFOPLIST_FILE = YES;
				INFOPLIST_FILE = GreetingAppVIPER/Info.plist;
				INFOPLIST_KEY_UIApplicationSupportsIndirectInputEvents = YES;
				INFOPLIST_KEY_UILaunchStoryboardName = LaunchScreen;
				INFOPLIST_KEY_UIMainStoryboardFile = Main;
				INFOPLIST_KEY_UISupportedInterfaceOrientations_iPad = "UIInterfaceOrientationPortrait UIInterfaceOrientationPortraitUpsideDown UIInterfaceOrientationLandscapeLeft UIInterfaceOrientationLandscapeRight";
				INFOPLIST_KEY_UISupportedInterfaceOrientations_iPhone = "UIInterfaceOrientationPortrait UIInterfaceOrientationLandscapeLeft UIInterfaceOrientationLandscapeRight";
				LD_RUNPATH_SEARCH_PATHS = (
					"$(inherited)",
					"@executable_path/Frameworks",
				);
				MARKETING_VERSION = 1.0;
				PRODUCT_BUNDLE_IDENTIFIER = ru.alexGaida.GreetingAppVIPER;
				PRODUCT_NAME = "$(TARGET_NAME)";
				SWIFT_EMIT_LOC_STRINGS = YES;
				SWIFT_VERSION = 5.0;
				TARGETED_DEVICE_FAMILY = "1,2";
			};
			name = Debug;
		};
		CC134EBA291D65CD009301ED /* Release */ = {
			isa = XCBuildConfiguration;
			buildSettings = {
				ASSETCATALOG_COMPILER_APPICON_NAME = AppIcon;
				ASSETCATALOG_COMPILER_GLOBAL_ACCENT_COLOR_NAME = AccentColor;
				CODE_SIGN_STYLE = Automatic;
				CURRENT_PROJECT_VERSION = 1;
				DEVELOPMENT_TEAM = 6QGWXNWMFJ;
				GENERATE_INFOPLIST_FILE = YES;
				INFOPLIST_FILE = GreetingAppVIPER/Info.plist;
				INFOPLIST_KEY_UIApplicationSupportsIndirectInputEvents = YES;
				INFOPLIST_KEY_UILaunchStoryboardName = LaunchScreen;
				INFOPLIST_KEY_UIMainStoryboardFile = Main;
				INFOPLIST_KEY_UISupportedInterfaceOrientations_iPad = "UIInterfaceOrientationPortrait UIInterfaceOrientationPortraitUpsideDown UIInterfaceOrientationLandscapeLeft UIInterfaceOrientationLandscapeRight";
				INFOPLIST_KEY_UISupportedInterfaceOrientations_iPhone = "UIInterfaceOrientationPortrait UIInterfaceOrientationLandscapeLeft UIInterfaceOrientationLandscapeRight";
				LD_RUNPATH_SEARCH_PATHS = (
					"$(inherited)",
					"@executable_path/Frameworks",
				);
				MARKETING_VERSION = 1.0;
				PRODUCT_BUNDLE_IDENTIFIER = ru.alexGaida.GreetingAppVIPER;
				PRODUCT_NAME = "$(TARGET_NAME)";
				SWIFT_EMIT_LOC_STRINGS = YES;
				SWIFT_VERSION = 5.0;
				TARGETED_DEVICE_FAMILY = "1,2";
			};
			name = Release;
		};
/* End XCBuildConfiguration section */

/* Begin XCConfigurationList section */
		CC134E9F291D65CA009301ED /* Build configuration list for PBXProject "GreetingAppVIPER" */ = {
			isa = XCConfigurationList;
			buildConfigurations = (
				CC134EB6291D65CD009301ED /* Debug */,
				CC134EB7291D65CD009301ED /* Release */,
			);
			defaultConfigurationIsVisible = 0;
			defaultConfigurationName = Release;
		};
		CC134EB8291D65CD009301ED /* Build configuration list for PBXNativeTarget "GreetingAppVIPER" */ = {
			isa = XCConfigurationList;
			buildConfigurations = (
				CC134EB9291D65CD009301ED /* Debug */,
				CC134EBA291D65CD009301ED /* Release */,
			);
			defaultConfigurationIsVisible = 0;
			defaultConfigurationName = Release;
		};
/* End XCConfigurationList section */
	};
	rootObject = CC134E9C291D65CA009301ED /* Project object */;
}
